<?xml version="1.0" encoding="utf-8"?>
<Project ToolsVersion="4.0" xmlns="http://schemas.microsoft.com/developer/msbuild/2003">
  <ItemGroup>
    <Filter Include="Source Files">
      <UniqueIdentifier>{4FC737F1-C7A5-4376-A066-2A32D752A2FF}</UniqueIdentifier>
      <Extensions>cpp;c;cc;cxx;def;odl;idl;hpj;bat;asm;asmx</Extensions>
    </Filter>
    <Filter Include="Header Files">
      <UniqueIdentifier>{93995380-89BD-4b04-88EB-625FBE52EBFB}</UniqueIdentifier>
      <Extensions>h;hh;hpp;hxx;hm;inl;inc;xsd</Extensions>
    </Filter>
    <Filter Include="Resource Files">
      <UniqueIdentifier>{67DA6AB6-F800-4c08-8B7A-83BB121AAD01}</UniqueIdentifier>
      <Extensions>rc;ico;cur;bmp;dlg;rc2;rct;bin;rgs;gif;jpg;jpeg;jpe;resx;tiff;tif;png;wav;mfcribbon-ms</Extensions>
    </Filter>
  </ItemGroup>
  <ItemGroup>
    <ClInclude Include="src\ConditionImpl.h">
      <Filter>Source Files</Filter>
    </ClInclude>
    <ClInclude Include="src\config.h">
      <Filter>Source Files</Filter>
    </ClInclude>
    <ClInclude Include="src\Debug.h">
      <Filter>Source Files</Filter>
    </ClInclude>
    <ClInclude Include="src\DeferredInterruptionScope.h">
      <Filter>Source Files</Filter>
    </ClInclude>
    <ClInclude Include="src\FastLock.h">
      <Filter>Source Files</Filter>
    </ClInclude>
    <ClInclude Include="src\FastRecursiveLock.h">
      <Filter>Source Files</Filter>
    </ClInclude>
    <ClInclude Include="src\IntrusivePtr.h">
      <Filter>Source Files</Filter>
    </ClInclude>
    <ClInclude Include="src\Monitor.h">
      <Filter>Source Files</Filter>
    </ClInclude>
    <ClInclude Include="src\MutexImpl.h">
      <Filter>Source Files</Filter>
    </ClInclude>
    <ClInclude Include="src\RecursiveMutexImpl.h">
      <Filter>Source Files</Filter>
    </ClInclude>
    <ClInclude Include="src\Scheduling.h">
      <Filter>Source Files</Filter>
    </ClInclude>
    <ClInclude Include="src\SemaphoreImpl.h">
      <Filter>Source Files</Filter>
    </ClInclude>
    <ClInclude Include="src\State.h">
      <Filter>Source Files</Filter>
    </ClInclude>
    <ClInclude Include="src\Status.h">
      <Filter>Source Files</Filter>
    </ClInclude>
    <ClInclude Include="src\ThreadImpl.h">
      <Filter>Source Files</Filter>
    </ClInclude>
    <ClInclude Include="src\ThreadOps.h">
      <Filter>Source Files</Filter>
    </ClInclude>
    <ClInclude Include="src\ThreadQueue.h">
      <Filter>Source Files</Filter>
    </ClInclude>
    <ClInclude Include="src\TimeStrategy.h">
      <Filter>Source Files</Filter>
    </ClInclude>
    <ClInclude Include="src\TSS.h">
      <Filter>Source Files</Filter>
    </ClInclude>
    <ClInclude Include="src\zthread\AtomicCount.h">
      <Filter>Header Files</Filter>
    </ClInclude>
    <ClInclude Include="src\zthread\Barrier.h">
      <Filter>Header Files</Filter>
    </ClInclude>
    <ClInclude Include="src\zthread\BiasedReadWriteLock.h">
      <Filter>Header Files</Filter>
    </ClInclude>
    <ClInclude Include="src\zthread\BlockingQueue.h">
      <Filter>Header Files</Filter>
    </ClInclude>
    <ClInclude Include="src\zthread\BoundedQueue.h">
      <Filter>Header Files</Filter>
    </ClInclude>
    <ClInclude Include="src\zthread\Cancelable.h">
      <Filter>Header Files</Filter>
    </ClInclude>
    <ClInclude Include="src\zthread\ClassLockable.h">
      <Filter>Header Files</Filter>
    </ClInclude>
    <ClInclude Include="src\zthread\ConcurrentExecutor.h">
      <Filter>Header Files</Filter>
    </ClInclude>
    <ClInclude Include="src\zthread\Condition.h">
      <Filter>Header Files</Filter>
    </ClInclude>
    <ClInclude Include="src\zthread\Config.h">
      <Filter>Header Files</Filter>
    </ClInclude>
    <ClInclude Include="src\zthread\CountedPtr.h">
      <Filter>Header Files</Filter>
    </ClInclude>
    <ClInclude Include="src\zthread\CountingSemaphore.h">
      <Filter>Header Files</Filter>
    </ClInclude>
    <ClInclude Include="src\zthread\Exceptions.h">
      <Filter>Header Files</Filter>
    </ClInclude>
    <ClInclude Include="src\zthread\Executor.h">
      <Filter>Header Files</Filter>
    </ClInclude>
    <ClInclude Include="src\zthread\FairReadWriteLock.h">
      <Filter>Header Files</Filter>
    </ClInclude>
    <ClInclude Include="src\zthread\FastMutex.h">
      <Filter>Header Files</Filter>
    </ClInclude>
    <ClInclude Include="src\zthread\FastRecursiveMutex.h">
      <Filter>Header Files</Filter>
    </ClInclude>
    <ClInclude Include="src\zthread\Guard.h">
      <Filter>Header Files</Filter>
    </ClInclude>
    <ClInclude Include="src\zthread\GuardedClass.h">
      <Filter>Header Files</Filter>
    </ClInclude>
    <ClInclude Include="src\zthread\Lockable.h">
      <Filter>Header Files</Filter>
    </ClInclude>
    <ClInclude Include="src\zthread\LockedQueue.h">
      <Filter>Header Files</Filter>
    </ClInclude>
    <ClInclude Include="src\zthread\MonitoredQueue.h">
      <Filter>Header Files</Filter>
    </ClInclude>
    <ClInclude Include="src\zthread\Mutex.h">
      <Filter>Header Files</Filter>
    </ClInclude>
    <ClInclude Include="src\zthread\NonCopyable.h">
      <Filter>Header Files</Filter>
    </ClInclude>
    <ClInclude Include="src\zthread\PoolExecutor.h">
      <Filter>Header Files</Filter>
    </ClInclude>
    <ClInclude Include="src\zthread\Priority.h">
      <Filter>Header Files</Filter>
    </ClInclude>
    <ClInclude Include="src\zthread\PriorityCondition.h">
      <Filter>Header Files</Filter>
    </ClInclude>
    <ClInclude Include="src\zthread\PriorityInheritanceMutex.h">
      <Filter>Header Files</Filter>
    </ClInclude>
    <ClInclude Include="src\zthread\PriorityMutex.h">
      <Filter>Header Files</Filter>
    </ClInclude>
    <ClInclude Include="src\zthread\PrioritySemaphore.h">
      <Filter>Header Files</Filter>
    </ClInclude>
    <ClInclude Include="src\zthread\Queue.h">
      <Filter>Header Files</Filter>
    </ClInclude>
    <ClInclude Include="src\zthread\ReadWriteLock.h">
      <Filter>Header Files</Filter>
    </ClInclude>
    <ClInclude Include="src\zthread\RecursiveMutex.h">
      <Filter>Header Files</Filter>
    </ClInclude>
    <ClInclude Include="src\zthread\Runnable.h">
      <Filter>Header Files</Filter>
    </ClInclude>
    <ClInclude Include="src\zthread\Semaphore.h">
      <Filter>Header Files</Filter>
    </ClInclude>
    <ClInclude Include="src\zthread\Singleton.h">
      <Filter>Header Files</Filter>
    </ClInclude>
    <ClInclude Include="src\zthread\SynchronousExecutor.h">
      <Filter>Header Files</Filter>
    </ClInclude>
    <ClInclude Include="src\zthread\Task.h">
      <Filter>Header Files</Filter>
    </ClInclude>
    <ClInclude Include="src\zthread\Thread.h">
      <Filter>Header Files</Filter>
    </ClInclude>
    <ClInclude Include="src\zthread\ThreadedExecutor.h">
      <Filter>Header Files</Filter>
    </ClInclude>
    <ClInclude Include="src\zthread\ThreadLocal.h">
      <Filter>Header Files</Filter>
    </ClInclude>
    <ClInclude Include="src\zthread\ThreadLocalImpl.h">
      <Filter>Header Files</Filter>
    </ClInclude>
    <ClInclude Include="src\zthread\Time.h">
      <Filter>Header Files</Filter>
    </ClInclude>
    <ClInclude Include="src\zthread\Waitable.h">
      <Filter>Header Files</Filter>
    </ClInclude>
    <ClInclude Include="src\zthread\ZThread.h">
      <Filter>Header Files</Filter>
    </ClInclude>
  </ItemGroup>
  <ItemGroup>
    <None Include="src\config.h.in">
      <Filter>Source Files</Filter>
    </None>
    <None Include="src\Makefile.am">
      <Filter>Source Files</Filter>
    </None>
    <None Include="src\Makefile.in">
      <Filter>Source Files</Filter>
    </None>
    <None Include="src\zthread\Barrier.h.orig">
      <Filter>Header Files</Filter>
    </None>
  </ItemGroup>
  <ItemGroup>
    <ClCompile Include="src\AtomicCount.cxx">
      <Filter>Source Files</Filter>
    </ClCompile>
    <ClCompile Include="src\ConcurrentExecutor.cxx">
      <Filter>Source Files</Filter>
    </ClCompile>
    <ClCompile Include="src\Condition.cxx">
      <Filter>Source Files</Filter>
    </ClCompile>
    <ClCompile Include="src\CountingSemaphore.cxx">
      <Filter>Source Files</Filter>
    </ClCompile>
    <ClCompile Include="src\FastMutex.cxx">
      <Filter>Source Files</Filter>
    </ClCompile>
    <ClCompile Include="src\FastRecursiveMutex.cxx">
      <Filter>Source Files</Filter>
    </ClCompile>
    <ClCompile Include="src\Monitor.cxx">
      <Filter>Source Files</Filter>
    </ClCompile>
    <ClCompile Include="src\Mutex.cxx">
      <Filter>Source Files</Filter>
    </ClCompile>
    <ClCompile Include="src\PoolExecutor.cxx">
      <Filter>Source Files</Filter>
    </ClCompile>
    <ClCompile Include="src\PriorityCondition.cxx">
      <Filter>Source Files</Filter>
    </ClCompile>
    <ClCompile Include="src\PriorityInheritanceMutex.cxx">
      <Filter>Source Files</Filter>
    </ClCompile>
    <ClCompile Include="src\PriorityMutex.cxx">
      <Filter>Source Files</Filter>
    </ClCompile>
    <ClCompile Include="src\PrioritySemaphore.cxx">
      <Filter>Source Files</Filter>
    </ClCompile>
    <ClCompile Include="src\RecursiveMutex.cxx">
      <Filter>Source Files</Filter>
    </ClCompile>
    <ClCompile Include="src\RecursiveMutexImpl.cxx">
      <Filter>Source Files</Filter>
    </ClCompile>
    <ClCompile Include="src\Semaphore.cxx">
      <Filter>Source Files</Filter>
    </ClCompile>
    <ClCompile Include="src\SynchronousExecutor.cxx">
      <Filter>Source Files</Filter>
    </ClCompile>
    <ClCompile Include="src\Thread.cxx">
      <Filter>Source Files</Filter>
    </ClCompile>
    <ClCompile Include="src\ThreadedExecutor.cxx">
      <Filter>Source Files</Filter>
    </ClCompile>
    <ClCompile Include="src\ThreadImpl.cxx">
      <Filter>Source Files</Filter>
    </ClCompile>
    <ClCompile Include="src\ThreadLocalImpl.cxx">
      <Filter>Source Files</Filter>
    </ClCompile>
    <ClCompile Include="src\ThreadOps.cxx">
      <Filter>Source Files</Filter>
    </ClCompile>
    <ClCompile Include="src\ThreadQueue.cxx">
      <Filter>Source Files</Filter>
    </ClCompile>
    <ClCompile Include="src\Time.cxx">
      <Filter>Source Files</Filter>
    </ClCompile>
    <ClCompile Include="src\zthread\Config.cpp">
      <Filter>Source Files</Filter>
    </ClCompile>
  </ItemGroup>
</Project>