<?xml version="1.0" encoding="utf-8"?>
<Project ToolsVersion="4.0" xmlns="http://schemas.microsoft.com/developer/msbuild/2003">
  <ItemGroup>
    <Filter Include="main">
      <UniqueIdentifier>{d669a666-596c-40ff-bd19-228efd175751}</UniqueIdentifier>
    </Filter>
    <Filter Include="main\include">
      <UniqueIdentifier>{744f2549-8b0b-4638-9969-d9f61ccad7e1}</UniqueIdentifier>
    </Filter>
    <Filter Include="main\src">
      <UniqueIdentifier>{398cb838-fa53-42b7-9388-f505c107fa5a}</UniqueIdentifier>
    </Filter>
    <Filter Include="engine">
      <UniqueIdentifier>{0963c400-aaf9-4790-b36e-ecbd489079db}</UniqueIdentifier>
    </Filter>
    <Filter Include="engine\include">
      <UniqueIdentifier>{608647b5-7a57-48e8-94e3-694488e607b6}</UniqueIdentifier>
    </Filter>
    <Filter Include="engine\src">
      <UniqueIdentifier>{0e1251af-3ced-4901-b70b-0ac493f39ac2}</UniqueIdentifier>
    </Filter>
    <Filter Include="global">
      <UniqueIdentifier>{c87b3448-0575-4683-808e-f1c70dcd6768}</UniqueIdentifier>
    </Filter>
    <Filter Include="global\include">
      <UniqueIdentifier>{a2ea234c-4b28-4a8b-a346-27f8c3e6eb9e}</UniqueIdentifier>
    </Filter>
    <Filter Include="global\src">
      <UniqueIdentifier>{f5ede739-71a6-44e2-b5d3-68c57146b842}</UniqueIdentifier>
    </Filter>
    <Filter Include="shaders">
      <UniqueIdentifier>{8cd48869-f21c-4b44-96f8-5187d7902b48}</UniqueIdentifier>
    </Filter>
    <Filter Include="textures">
      <UniqueIdentifier>{5231546a-6fe9-42d7-a0d6-53c34ba5d19e}</UniqueIdentifier>
    </Filter>
    <Filter Include="models">
      <UniqueIdentifier>{8e8385c3-92b6-4ed3-a603-bc7899b76a9b}</UniqueIdentifier>
    </Filter>
  </ItemGroup>
  <ItemGroup>
    <ClCompile Include="main\src\main.cpp">
      <Filter>main\src</Filter>
    </ClCompile>
    <ClCompile Include="engine\src\shader.cpp">
      <Filter>engine\src</Filter>
    </ClCompile>
    <ClCompile Include="global\src\debug.cpp">
      <Filter>global\src</Filter>
    </ClCompile>
    <ClCompile Include="global\src\reader.cpp">
      <Filter>global\src</Filter>
    </ClCompile>
    <ClCompile Include="global\src\utilities.cpp">
      <Filter>global\src</Filter>
    </ClCompile>
    <ClCompile Include="global\src\os_linux.cpp">
      <Filter>global\src</Filter>
    </ClCompile>
    <ClCompile Include="global\src\os_windows.cpp">
      <Filter>global\src</Filter>
    </ClCompile>
    <ClCompile Include="main\src\example.cpp">
      <Filter>main\src</Filter>
    </ClCompile>
    <ClCompile Include="engine\src\app.cpp">
      <Filter>engine\src</Filter>
    </ClCompile>
    <ClCompile Include="engine\src\texture.cpp">
      <Filter>engine\src</Filter>
    </ClCompile>
    <ClCompile Include="engine\src\input.cpp">
      <Filter>engine\src</Filter>
    </ClCompile>
    <ClCompile Include="engine\src\camera.cpp">
      <Filter>engine\src</Filter>
    </ClCompile>
    <ClCompile Include="global\src\mathf.cpp">
      <Filter>global\src</Filter>
    </ClCompile>
  </ItemGroup>
  <ItemGroup>
    <ClInclude Include="engine\include\shader.h">
      <Filter>engine\include</Filter>
    </ClInclude>
    <ClInclude Include="global\include\utilities.h">
      <Filter>global\include</Filter>
    </ClInclude>
    <ClInclude Include="global\include\reference_countable.h">
      <Filter>global\include</Filter>
    </ClInclude>
    <ClInclude Include="global\include\debug.h">
      <Filter>global\include</Filter>
    </ClInclude>
    <ClInclude Include="global\include\os.h">
      <Filter>global\include</Filter>
    </ClInclude>
    <ClInclude Include="global\include\os_linux.h">
      <Filter>global\include</Filter>
    </ClInclude>
    <ClInclude Include="global\include\os_windows.h">
      <Filter>global\include</Filter>
    </ClInclude>
    <ClInclude Include="global\include\reader.h">
      <Filter>global\include</Filter>
    </ClInclude>
    <ClInclude Include="main\include\example.h">
      <Filter>main\include</Filter>
    </ClInclude>
    <ClInclude Include="engine\include\app.h">
      <Filter>engine\include</Filter>
    </ClInclude>
    <ClInclude Include="engine\include\texture.h">
      <Filter>engine\include</Filter>
    </ClInclude>
    <ClInclude Include="global\include\ptr_table.h">
      <Filter>global\include</Filter>
    </ClInclude>
    <ClInclude Include="engine\include\input.h">
      <Filter>engine\include</Filter>
    </ClInclude>
    <ClInclude Include="engine\include\camera.h">
      <Filter>engine\include</Filter>
    </ClInclude>
    <ClInclude Include="global\include\mathf.h">
      <Filter>global\include</Filter>
    </ClInclude>
  </ItemGroup>
  <ItemGroup>
    <None Include="shaders\simple.frag">
      <Filter>shaders</Filter>
    </None>
    <None Include="shaders\simple.vert">
      <Filter>shaders</Filter>
    </None>
    <None Include="shaders\simple_transform.frag">
      <Filter>shaders</Filter>
    </None>
    <None Include="shaders\simple_transform.vert">
      <Filter>shaders</Filter>
    </None>
    <None Include="shaders\colored.frag">
      <Filter>shaders</Filter>
    </None>
    <None Include="shaders\colored.vert">
      <Filter>shaders</Filter>
    </None>
    <None Include="shaders\texture.frag">
      <Filter>shaders</Filter>
    </None>
    <None Include="shaders\texture.vert">
      <Filter>shaders</Filter>
    </None>
    <None Include="shaders\coord.frag">
      <Filter>shaders</Filter>
    </None>
    <None Include="shaders\coord.vert">
      <Filter>shaders</Filter>
    </None>
    <None Include="models\cube.xobj">
      <Filter>models</Filter>
    </None>
    <None Include="shaders\model_loading.frag">
      <Filter>shaders</Filter>
    </None>
    <None Include="shaders\model_loading.vert">
      <Filter>shaders</Filter>
    </None>
  </ItemGroup>
  <ItemGroup>
    <Image Include="textures\uvtemplate.bmp">
      <Filter>textures</Filter>
    </Image>
    <Image Include="textures\uvtemplate.dds">
      <Filter>textures</Filter>
    </Image>
    <Image Include="textures\uvmap.dds">
      <Filter>textures</Filter>
    </Image>
  </ItemGroup>
</Project>