<?xml version="1.0" encoding="utf-8"?>
<Project ToolsVersion="4.0" xmlns="http://schemas.microsoft.com/developer/msbuild/2003">
  <ItemGroup>
    <Filter Include="main">
      <UniqueIdentifier>{d669a666-596c-40ff-bd19-228efd175751}</UniqueIdentifier>
    </Filter>
    <Filter Include="main\include">
      <UniqueIdentifier>{744f2549-8b0b-4638-9969-d9f61ccad7e1}</UniqueIdentifier>
    </Filter>
    <Filter Include="main\src">
      <UniqueIdentifier>{398cb838-fa53-42b7-9388-f505c107fa5a}</UniqueIdentifier>
    </Filter>
    <Filter Include="engine">
      <UniqueIdentifier>{0963c400-aaf9-4790-b36e-ecbd489079db}</UniqueIdentifier>
    </Filter>
    <Filter Include="engine\include">
      <UniqueIdentifier>{608647b5-7a57-48e8-94e3-694488e607b6}</UniqueIdentifier>
    </Filter>
    <Filter Include="engine\src">
      <UniqueIdentifier>{0e1251af-3ced-4901-b70b-0ac493f39ac2}</UniqueIdentifier>
    </Filter>
    <Filter Include="global">
      <UniqueIdentifier>{c87b3448-0575-4683-808e-f1c70dcd6768}</UniqueIdentifier>
    </Filter>
    <Filter Include="global\include">
      <UniqueIdentifier>{a2ea234c-4b28-4a8b-a346-27f8c3e6eb9e}</UniqueIdentifier>
    </Filter>
    <Filter Include="global\src">
      <UniqueIdentifier>{f5ede739-71a6-44e2-b5d3-68c57146b842}</UniqueIdentifier>
    </Filter>
    <Filter Include="shaders">
      <UniqueIdentifier>{8cd48869-f21c-4b44-96f8-5187d7902b48}</UniqueIdentifier>
    </Filter>
  </ItemGroup>
  <ItemGroup>
    <ClCompile Include="main\src\main.cpp">
      <Filter>main\src</Filter>
    </ClCompile>
    <ClCompile Include="engine\src\shader.cpp">
      <Filter>engine\src</Filter>
    </ClCompile>
    <ClCompile Include="global\src\debug.cpp">
      <Filter>global\src</Filter>
    </ClCompile>
    <ClCompile Include="global\src\utilities.cpp">
      <Filter>global\src</Filter>
    </ClCompile>
    <ClCompile Include="global\src\os_linux.cpp">
      <Filter>global\src</Filter>
    </ClCompile>
    <ClCompile Include="global\src\os_windows.cpp">
      <Filter>global\src</Filter>
    </ClCompile>
    <ClCompile Include="engine\src\app.cpp">
      <Filter>engine\src</Filter>
    </ClCompile>
    <ClCompile Include="engine\src\texture.cpp">
      <Filter>engine\src</Filter>
    </ClCompile>
    <ClCompile Include="engine\src\input.cpp">
      <Filter>engine\src</Filter>
    </ClCompile>
    <ClCompile Include="engine\src\camera.cpp">
      <Filter>engine\src</Filter>
    </ClCompile>
    <ClCompile Include="global\src\mathf.cpp">
      <Filter>global\src</Filter>
    </ClCompile>
    <ClCompile Include="engine\src\loader.cpp">
      <Filter>engine\src</Filter>
    </ClCompile>
    <ClCompile Include="engine\src\text2d.cpp">
      <Filter>engine\src</Filter>
    </ClCompile>
    <ClCompile Include="engine\src\skybox.cpp">
      <Filter>engine\src</Filter>
    </ClCompile>
    <ClCompile Include="engine\src\particle_system.cpp">
      <Filter>engine\src</Filter>
    </ClCompile>
    <ClCompile Include="engine\src\mesh.cpp">
      <Filter>engine\src</Filter>
    </ClCompile>
  </ItemGroup>
  <ItemGroup>
    <ClInclude Include="engine\include\shader.h">
      <Filter>engine\include</Filter>
    </ClInclude>
    <ClInclude Include="global\include\utilities.h">
      <Filter>global\include</Filter>
    </ClInclude>
    <ClInclude Include="global\include\reference_countable.h">
      <Filter>global\include</Filter>
    </ClInclude>
    <ClInclude Include="global\include\debug.h">
      <Filter>global\include</Filter>
    </ClInclude>
    <ClInclude Include="global\include\os.h">
      <Filter>global\include</Filter>
    </ClInclude>
    <ClInclude Include="global\include\os_linux.h">
      <Filter>global\include</Filter>
    </ClInclude>
    <ClInclude Include="global\include\os_windows.h">
      <Filter>global\include</Filter>
    </ClInclude>
    <ClInclude Include="main\include\example.h">
      <Filter>main\include</Filter>
    </ClInclude>
    <ClInclude Include="engine\include\app.h">
      <Filter>engine\include</Filter>
    </ClInclude>
    <ClInclude Include="engine\include\texture.h">
      <Filter>engine\include</Filter>
    </ClInclude>
    <ClInclude Include="global\include\ptr_table.h">
      <Filter>global\include</Filter>
    </ClInclude>
    <ClInclude Include="engine\include\input.h">
      <Filter>engine\include</Filter>
    </ClInclude>
    <ClInclude Include="engine\include\camera.h">
      <Filter>engine\include</Filter>
    </ClInclude>
    <ClInclude Include="global\include\mathf.h">
      <Filter>global\include</Filter>
    </ClInclude>
    <ClInclude Include="engine\include\loader.h">
      <Filter>engine\include</Filter>
    </ClInclude>
    <ClInclude Include="engine\include\text2d.h">
      <Filter>engine\include</Filter>
    </ClInclude>
    <ClInclude Include="engine\include\skybox.h">
      <Filter>engine\include</Filter>
    </ClInclude>
    <ClInclude Include="engine\include\mesh.h">
      <Filter>engine\include</Filter>
    </ClInclude>
    <ClInclude Include="engine\include\particle_system.h">
      <Filter>engine\include</Filter>
    </ClInclude>
    <ClInclude Include="global\include\defs.h">
      <Filter>global\include</Filter>
    </ClInclude>
    <ClInclude Include="main\include\example_ant_tweek_bar.h">
      <Filter>main\include</Filter>
    </ClInclude>
    <ClInclude Include="main\include\example_basic_shading.h">
      <Filter>main\include</Filter>
    </ClInclude>
    <ClInclude Include="main\include\example_basic_tessellation.h">
      <Filter>main\include</Filter>
    </ClInclude>
    <ClInclude Include="main\include\example_billboard.h">
      <Filter>main\include</Filter>
    </ClInclude>
    <ClInclude Include="main\include\example_billboard2.h">
      <Filter>main\include</Filter>
    </ClInclude>
    <ClInclude Include="main\include\example_colored_cube.h">
      <Filter>main\include</Filter>
    </ClInclude>
    <ClInclude Include="main\include\example_keyboard_and_mouse.h">
      <Filter>main\include</Filter>
    </ClInclude>
    <ClInclude Include="main\include\example_light_maps.h">
      <Filter>main\include</Filter>
    </ClInclude>
    <ClInclude Include="main\include\example_matrices.h">
      <Filter>main\include</Filter>
    </ClInclude>
    <ClInclude Include="main\include\example_model_loading.h">
      <Filter>main\include</Filter>
    </ClInclude>
    <ClInclude Include="main\include\example_normal_mapping.h">
      <Filter>main\include</Filter>
    </ClInclude>
    <ClInclude Include="main\include\example_particle.h">
      <Filter>main\include</Filter>
    </ClInclude>
    <ClInclude Include="main\include\example_particle_system_using_transform_feedback.h">
      <Filter>main\include</Filter>
    </ClInclude>
    <ClInclude Include="main\include\example_red_triangle.h">
      <Filter>main\include</Filter>
    </ClInclude>
    <ClInclude Include="main\include\example_render_to_texture.h">
      <Filter>main\include</Filter>
    </ClInclude>
    <ClInclude Include="main\include\example_shadow_maps.h">
      <Filter>main\include</Filter>
    </ClInclude>
    <ClInclude Include="main\include\example_skybox.h">
      <Filter>main\include</Filter>
    </ClInclude>
    <ClInclude Include="main\include\example_textured_cube.h">
      <Filter>main\include</Filter>
    </ClInclude>
    <ClInclude Include="main\include\example_vbo_indexing.h">
      <Filter>main\include</Filter>
    </ClInclude>
    <ClInclude Include="main\include\example_defered_shading.h">
      <Filter>main\include</Filter>
    </ClInclude>
    <ClInclude Include="main\include\example_skeletal_animation_with_assimp.h">
      <Filter>main\include</Filter>
    </ClInclude>
  </ItemGroup>
  <ItemGroup>
    <None Include="shaders\simple.frag">
      <Filter>shaders</Filter>
    </None>
    <None Include="shaders\simple.vert">
      <Filter>shaders</Filter>
    </None>
    <None Include="shaders\simple_transform.frag">
      <Filter>shaders</Filter>
    </None>
    <None Include="shaders\simple_transform.vert">
      <Filter>shaders</Filter>
    </None>
    <None Include="shaders\colored.frag">
      <Filter>shaders</Filter>
    </None>
    <None Include="shaders\colored.vert">
      <Filter>shaders</Filter>
    </None>
    <None Include="shaders\texture.frag">
      <Filter>shaders</Filter>
    </None>
    <None Include="shaders\texture.vert">
      <Filter>shaders</Filter>
    </None>
    <None Include="shaders\coord.frag">
      <Filter>shaders</Filter>
    </None>
    <None Include="shaders\coord.vert">
      <Filter>shaders</Filter>
    </None>
    <None Include="shaders\model_loading.frag">
      <Filter>shaders</Filter>
    </None>
    <None Include="shaders\model_loading.vert">
      <Filter>shaders</Filter>
    </None>
    <None Include="shaders\basic.frag">
      <Filter>shaders</Filter>
    </None>
    <None Include="shaders\basic.vert">
      <Filter>shaders</Filter>
    </None>
    <None Include="shaders\spotlight.frag">
      <Filter>shaders</Filter>
    </None>
    <None Include="shaders\text2d.frag">
      <Filter>shaders</Filter>
    </None>
    <None Include="shaders\text2d.vert">
      <Filter>shaders</Filter>
    </None>
    <None Include="shaders\normal_mapping.frag">
      <Filter>shaders</Filter>
    </None>
    <None Include="shaders\normal_mapping.vert">
      <Filter>shaders</Filter>
    </None>
    <None Include="shaders\render_to_texture.frag">
      <Filter>shaders</Filter>
    </None>
    <None Include="shaders\render_to_texture.vert">
      <Filter>shaders</Filter>
    </None>
    <None Include="shaders\depth.frag">
      <Filter>shaders</Filter>
    </None>
    <None Include="shaders\lightmaps.frag">
      <Filter>shaders</Filter>
    </None>
    <None Include="shaders\lightmaps.vert">
      <Filter>shaders</Filter>
    </None>
    <None Include="shaders\depth.vert">
      <Filter>shaders</Filter>
    </None>
    <None Include="shaders\shadow.frag">
      <Filter>shaders</Filter>
    </None>
    <None Include="shaders\shadow.vert">
      <Filter>shaders</Filter>
    </None>
    <None Include="shaders\basic_shadow.frag">
      <Filter>shaders</Filter>
    </None>
    <None Include="shaders\basic_shadow.vert">
      <Filter>shaders</Filter>
    </None>
    <None Include="shaders\billboard.frag">
      <Filter>shaders</Filter>
    </None>
    <None Include="shaders\billboard.vert">
      <Filter>shaders</Filter>
    </None>
    <None Include="shaders\particle.frag">
      <Filter>shaders</Filter>
    </None>
    <None Include="shaders\particle.vert">
      <Filter>shaders</Filter>
    </None>
    <None Include="shaders\skybox.vert">
      <Filter>shaders</Filter>
    </None>
    <None Include="shaders\skybox.frag">
      <Filter>shaders</Filter>
    </None>
    <None Include="shaders\billboard2.frag">
      <Filter>shaders</Filter>
    </None>
    <None Include="shaders\billboard2.geom">
      <Filter>shaders</Filter>
    </None>
    <None Include="shaders\billboard2.vert">
      <Filter>shaders</Filter>
    </None>
    <None Include="shaders\particle_system_update.frag">
      <Filter>shaders</Filter>
    </None>
    <None Include="shaders\particle_system_update.geom">
      <Filter>shaders</Filter>
    </None>
    <None Include="shaders\particle_system_update.vert">
      <Filter>shaders</Filter>
    </None>
    <None Include="shaders\tessellation.frag">
      <Filter>shaders</Filter>
    </None>
    <None Include="shaders\tessellation.tesc">
      <Filter>shaders</Filter>
    </None>
    <None Include="shaders\tessellation.tese">
      <Filter>shaders</Filter>
    </None>
    <None Include="shaders\tessellation.vert">
      <Filter>shaders</Filter>
    </None>
    <None Include="shaders\gbuffer.frag">
      <Filter>shaders</Filter>
    </None>
    <None Include="shaders\gbuffer.vert">
      <Filter>shaders</Filter>
    </None>
    <None Include="shaders\deferred_dir_light.frag">
      <Filter>shaders</Filter>
    </None>
    <None Include="shaders\deferred_light.vert">
      <Filter>shaders</Filter>
    </None>
    <None Include="shaders\deferred_point_light.frag">
      <Filter>shaders</Filter>
    </None>
    <None Include="shaders\null.frag">
      <Filter>shaders</Filter>
    </None>
    <None Include="shaders\null.vert">
      <Filter>shaders</Filter>
    </None>
    <None Include="shaders\skinning.frag" />
    <None Include="shaders\skinning.vert" />
  </ItemGroup>
</Project>