
Microsoft Visual Studio Solution File, Format Version 12.00
# Visual Studio 2013
VisualStudioVersion = 12.0.30501.0
MinimumVisualStudioVersion = 10.0.40219.1
Project("{8BC9CEB8-8B4A-11D0-8D11-00A0C91BC942}") = "Color Example", "Color Example\Color Example\Color Example.vcxproj", "{53FF9A1F-F932-4A06-9410-398FDD2C6219}"
EndProject
Project("{8BC9CEB8-8B4A-11D0-8D11-00A0C91BC942}") = "Cube Example", "Cube Example\Cube Example\Cube Example.vcxproj", "{0777D030-8385-4CB4-B2CA-223E48425202}"
EndProject
Project("{8BC9CEB8-8B4A-11D0-8D11-00A0C91BC942}") = "L3DLighting1", "L3DLighting1\L3DLighting1\L3DLighting1.vcxproj", "{6C93911C-CAB7-42FD-B196-3A166399F3A4}"
EndProject
Project("{8BC9CEB8-8B4A-11D0-8D11-00A0C91BC942}") = "Light Example I", "Light Example I\Light Example I.vcxproj", "{E6726979-D6BB-41B2-9652-A43E9560DDFB}"
EndProject
Project("{8BC9CEB8-8B4A-11D0-8D11-00A0C91BC942}") = "Light Example II", "Light Example II\Light Example II.vcxproj", "{72E47560-FA64-4E25-8A31-FD957DD2EE15}"
EndProject
Project("{8BC9CEB8-8B4A-11D0-8D11-00A0C91BC942}") = "Directional Lights per Pixel", "Directional Lights per Pixel\Directional Lights per Pixel.vcxproj", "{26FD3548-120C-4EAD-B166-03E735B9FCD5}"
EndProject
Project("{8BC9CEB8-8B4A-11D0-8D11-00A0C91BC942}") = "Point Lights", "Point Lights\Point Lights.vcxproj", "{92DCBF6B-038A-4804-B315-2A56D3E5DF54}"
EndProject
Project("{8BC9CEB8-8B4A-11D0-8D11-00A0C91BC942}") = "Spotlights", "Spotlights\Spotlights.vcxproj", "{2D9AA506-FD99-4D84-8F28-35917EB5FF1E}"
EndProject
Project("{8BC9CEB8-8B4A-11D0-8D11-00A0C91BC942}") = "Texture Coordinates", "Texture Coordinates\Texture Coordinates.vcxproj", "{65FAFE86-D77F-4C03-90F4-C50FF97E9880}"
EndProject
Project("{8BC9CEB8-8B4A-11D0-8D11-00A0C91BC942}") = "Texturing with Images", "Texturing with Images\Texturing with Images.vcxproj", "{0AE16ECB-1D2E-44A6-80F6-60D02DBDF96C}"
EndProject
Global
	GlobalSection(SolutionConfigurationPlatforms) = preSolution
		Debug|Win32 = Debug|Win32
		Release|Win32 = Release|Win32
	EndGlobalSection
	GlobalSection(ProjectConfigurationPlatforms) = postSolution
		{53FF9A1F-F932-4A06-9410-398FDD2C6219}.Debug|Win32.ActiveCfg = Debug|Win32
		{53FF9A1F-F932-4A06-9410-398FDD2C6219}.Debug|Win32.Build.0 = Debug|Win32
		{53FF9A1F-F932-4A06-9410-398FDD2C6219}.Release|Win32.ActiveCfg = Release|Win32
		{53FF9A1F-F932-4A06-9410-398FDD2C6219}.Release|Win32.Build.0 = Release|Win32
		{0777D030-8385-4CB4-B2CA-223E48425202}.Debug|Win32.ActiveCfg = Debug|Win32
		{0777D030-8385-4CB4-B2CA-223E48425202}.Debug|Win32.Build.0 = Debug|Win32
		{0777D030-8385-4CB4-B2CA-223E48425202}.Release|Win32.ActiveCfg = Release|Win32
		{0777D030-8385-4CB4-B2CA-223E48425202}.Release|Win32.Build.0 = Release|Win32
		{6C93911C-CAB7-42FD-B196-3A166399F3A4}.Debug|Win32.ActiveCfg = Debug|Win32
		{6C93911C-CAB7-42FD-B196-3A166399F3A4}.Debug|Win32.Build.0 = Debug|Win32
		{6C93911C-CAB7-42FD-B196-3A166399F3A4}.Release|Win32.ActiveCfg = Release|Win32
		{6C93911C-CAB7-42FD-B196-3A166399F3A4}.Release|Win32.Build.0 = Release|Win32
		{E6726979-D6BB-41B2-9652-A43E9560DDFB}.Debug|Win32.ActiveCfg = Debug|Win32
		{E6726979-D6BB-41B2-9652-A43E9560DDFB}.Debug|Win32.Build.0 = Debug|Win32
		{E6726979-D6BB-41B2-9652-A43E9560DDFB}.Release|Win32.ActiveCfg = Release|Win32
		{E6726979-D6BB-41B2-9652-A43E9560DDFB}.Release|Win32.Build.0 = Release|Win32
		{72E47560-FA64-4E25-8A31-FD957DD2EE15}.Debug|Win32.ActiveCfg = Debug|Win32
		{72E47560-FA64-4E25-8A31-FD957DD2EE15}.Debug|Win32.Build.0 = Debug|Win32
		{72E47560-FA64-4E25-8A31-FD957DD2EE15}.Release|Win32.ActiveCfg = Release|Win32
		{72E47560-FA64-4E25-8A31-FD957DD2EE15}.Release|Win32.Build.0 = Release|Win32
		{26FD3548-120C-4EAD-B166-03E735B9FCD5}.Debug|Win32.ActiveCfg = Debug|Win32
		{26FD3548-120C-4EAD-B166-03E735B9FCD5}.Debug|Win32.Build.0 = Debug|Win32
		{26FD3548-120C-4EAD-B166-03E735B9FCD5}.Release|Win32.ActiveCfg = Release|Win32
		{26FD3548-120C-4EAD-B166-03E735B9FCD5}.Release|Win32.Build.0 = Release|Win32
		{92DCBF6B-038A-4804-B315-2A56D3E5DF54}.Debug|Win32.ActiveCfg = Debug|Win32
		{92DCBF6B-038A-4804-B315-2A56D3E5DF54}.Debug|Win32.Build.0 = Debug|Win32
		{92DCBF6B-038A-4804-B315-2A56D3E5DF54}.Release|Win32.ActiveCfg = Release|Win32
		{92DCBF6B-038A-4804-B315-2A56D3E5DF54}.Release|Win32.Build.0 = Release|Win32
		{2D9AA506-FD99-4D84-8F28-35917EB5FF1E}.Debug|Win32.ActiveCfg = Debug|Win32
		{2D9AA506-FD99-4D84-8F28-35917EB5FF1E}.Debug|Win32.Build.0 = Debug|Win32
		{2D9AA506-FD99-4D84-8F28-35917EB5FF1E}.Release|Win32.ActiveCfg = Release|Win32
		{2D9AA506-FD99-4D84-8F28-35917EB5FF1E}.Release|Win32.Build.0 = Release|Win32
		{65FAFE86-D77F-4C03-90F4-C50FF97E9880}.Debug|Win32.ActiveCfg = Debug|Win32
		{65FAFE86-D77F-4C03-90F4-C50FF97E9880}.Debug|Win32.Build.0 = Debug|Win32
		{65FAFE86-D77F-4C03-90F4-C50FF97E9880}.Release|Win32.ActiveCfg = Release|Win32
		{65FAFE86-D77F-4C03-90F4-C50FF97E9880}.Release|Win32.Build.0 = Release|Win32
		{0AE16ECB-1D2E-44A6-80F6-60D02DBDF96C}.Debug|Win32.ActiveCfg = Debug|Win32
		{0AE16ECB-1D2E-44A6-80F6-60D02DBDF96C}.Debug|Win32.Build.0 = Debug|Win32
		{0AE16ECB-1D2E-44A6-80F6-60D02DBDF96C}.Release|Win32.ActiveCfg = Release|Win32
		{0AE16ECB-1D2E-44A6-80F6-60D02DBDF96C}.Release|Win32.Build.0 = Release|Win32
	EndGlobalSection
	GlobalSection(SolutionProperties) = preSolution
		HideSolutionNode = FALSE
	EndGlobalSection
EndGlobal
